
Microsoft Visual Studio Solution File, Format Version 12.00
# Visual Studio Version 17
VisualStudioVersion = 17.13.35828.75
MinimumVisualStudioVersion = 10.0.40219.1
Project("{FAE04EC0-301F-11D3-BF4B-00C04F79EFBC}") = "GerenciamentoProjeto.API", "GerenciamentoProjeto.API\GerenciamentoProjeto.API.csproj", "{D1712898-5C91-4DE5-4365-CFFB41E20015}"
EndProject
Project("{FAE04EC0-301F-11D3-BF4B-00C04F79EFBC}") = "GerenciamentoProjeto.Application", "GerenciamentoProjeto.Application\GerenciamentoProjeto.Application.csproj", "{FD8ADBCE-7182-AE0D-4100-98CC81DDC1C6}"
EndProject
Project("{FAE04EC0-301F-11D3-BF4B-00C04F79EFBC}") = "GerenciamentoProjeto.Domain", "GerenciamentoProjeto.Domain\GerenciamentoProjeto.Domain.csproj", "{C1EE5D31-D670-57A2-5945-98DD409D3587}"
EndProject
Project("{FAE04EC0-301F-11D3-BF4B-00C04F79EFBC}") = "GerenciamentoProjeto.Tests", "GerenciamentoProjeto.Tests\GerenciamentoProjeto.Tests.csproj", "{2BF33A4C-D468-64D1-F161-6BDB74AA436E}"
EndProject
Project("{FAE04EC0-301F-11D3-BF4B-00C04F79EFBC}") = "GerenciamentoProjeto.Infrastructure", "GerenciamentoProjeto.Infrastructure\GerenciamentoProjeto.Infrastructure.csproj", "{F1340D09-4102-59B3-31AB-68321024B1A6}"
EndProject
Global
	GlobalSection(SolutionConfigurationPlatforms) = preSolution
		Debug|Any CPU = Debug|Any CPU
		Release|Any CPU = Release|Any CPU
	EndGlobalSection
	GlobalSection(ProjectConfigurationPlatforms) = postSolution
		{D1712898-5C91-4DE5-4365-CFFB41E20015}.Debug|Any CPU.ActiveCfg = Debug|Any CPU
		{D1712898-5C91-4DE5-4365-CFFB41E20015}.Debug|Any CPU.Build.0 = Debug|Any CPU
		{D1712898-5C91-4DE5-4365-CFFB41E20015}.Release|Any CPU.ActiveCfg = Release|Any CPU
		{D1712898-5C91-4DE5-4365-CFFB41E20015}.Release|Any CPU.Build.0 = Release|Any CPU
		{FD8ADBCE-7182-AE0D-4100-98CC81DDC1C6}.Debug|Any CPU.ActiveCfg = Debug|Any CPU
		{FD8ADBCE-7182-AE0D-4100-98CC81DDC1C6}.Debug|Any CPU.Build.0 = Debug|Any CPU
		{FD8ADBCE-7182-AE0D-4100-98CC81DDC1C6}.Release|Any CPU.ActiveCfg = Release|Any CPU
		{FD8ADBCE-7182-AE0D-4100-98CC81DDC1C6}.Release|Any CPU.Build.0 = Release|Any CPU
		{C1EE5D31-D670-57A2-5945-98DD409D3587}.Debug|Any CPU.ActiveCfg = Debug|Any CPU
		{C1EE5D31-D670-57A2-5945-98DD409D3587}.Debug|Any CPU.Build.0 = Debug|Any CPU
		{C1EE5D31-D670-57A2-5945-98DD409D3587}.Release|Any CPU.ActiveCfg = Release|Any CPU
		{C1EE5D31-D670-57A2-5945-98DD409D3587}.Release|Any CPU.Build.0 = Release|Any CPU
		{2BF33A4C-D468-64D1-F161-6BDB74AA436E}.Debug|Any CPU.ActiveCfg = Debug|Any CPU
		{2BF33A4C-D468-64D1-F161-6BDB74AA436E}.Debug|Any CPU.Build.0 = Debug|Any CPU
		{2BF33A4C-D468-64D1-F161-6BDB74AA436E}.Release|Any CPU.ActiveCfg = Release|Any CPU
		{2BF33A4C-D468-64D1-F161-6BDB74AA436E}.Release|Any CPU.Build.0 = Release|Any CPU
		{F1340D09-4102-59B3-31AB-68321024B1A6}.Debug|Any CPU.ActiveCfg = Debug|Any CPU
		{F1340D09-4102-59B3-31AB-68321024B1A6}.Debug|Any CPU.Build.0 = Debug|Any CPU
		{F1340D09-4102-59B3-31AB-68321024B1A6}.Release|Any CPU.ActiveCfg = Release|Any CPU
		{F1340D09-4102-59B3-31AB-68321024B1A6}.Release|Any CPU.Build.0 = Release|Any CPU
	EndGlobalSection
	GlobalSection(SolutionProperties) = preSolution
		HideSolutionNode = FALSE
	EndGlobalSection
	GlobalSection(ExtensibilityGlobals) = postSolution
		SolutionGuid = {019AB495-9F15-494D-A9D8-3AFDF1B4CE29}
	EndGlobalSection
EndGlobal
